
Microsoft Visual Studio Solution File, Format Version 12.00
# Visual Studio Version 16
VisualStudioVersion = 16.0.30104.148
MinimumVisualStudioVersion = 10.0.40219.1
Project("{8BC9CEB8-8B4A-11D0-8D11-00A0C91BC942}") = "Game", "Game\Game.vcxproj", "{C2522C39-51CC-4E18-9E00-BB6206A1A490}"
EndProject
Project("{8BC9CEB8-8B4A-11D0-8D11-00A0C91BC942}") = "Engine", "Engine\Engine.vcxproj", "{6B9C6883-411A-4F8E-A953-2552DF5D9D78}"
EndProject
Global
	GlobalSection(SolutionConfigurationPlatforms) = preSolution
		Debug|x64 = Debug|x64
		Debug|x86 = Debug|x86
		Release|x64 = Release|x64
		Release|x86 = Release|x86
	EndGlobalSection
	GlobalSection(ProjectConfigurationPlatforms) = postSolution
		{C2522C39-51CC-4E18-9E00-BB6206A1A490}.Debug|x64.ActiveCfg = Debug|x64
		{C2522C39-51CC-4E18-9E00-BB6206A1A490}.Debug|x64.Build.0 = Debug|x64
		{C2522C39-51CC-4E18-9E00-BB6206A1A490}.Debug|x86.ActiveCfg = Debug|Win32
		{C2522C39-51CC-4E18-9E00-BB6206A1A490}.Debug|x86.Build.0 = Debug|Win32
		{C2522C39-51CC-4E18-9E00-BB6206A1A490}.Release|x64.ActiveCfg = Release|x64
		{C2522C39-51CC-4E18-9E00-BB6206A1A490}.Release|x64.Build.0 = Release|x64
		{C2522C39-51CC-4E18-9E00-BB6206A1A490}.Release|x86.ActiveCfg = Release|Win32
		{C2522C39-51CC-4E18-9E00-BB6206A1A490}.Release|x86.Build.0 = Release|Win32
		{6B9C6883-411A-4F8E-A953-2552DF5D9D78}.Debug|x64.ActiveCfg = Debug|x64
		{6B9C6883-411A-4F8E-A953-2552DF5D9D78}.Debug|x64.Build.0 = Debug|x64
		{6B9C6883-411A-4F8E-A953-2552DF5D9D78}.Debug|x86.ActiveCfg = Debug|Win32
		{6B9C6883-411A-4F8E-A953-2552DF5D9D78}.Debug|x86.Build.0 = Debug|Win32
		{6B9C6883-411A-4F8E-A953-2552DF5D9D78}.Release|x64.ActiveCfg = Release|x64
		{6B9C6883-411A-4F8E-A953-2552DF5D9D78}.Release|x64.Build.0 = Release|x64
		{6B9C6883-411A-4F8E-A953-2552DF5D9D78}.Release|x86.ActiveCfg = Release|Win32
		{6B9C6883-411A-4F8E-A953-2552DF5D9D78}.Release|x86.Build.0 = Release|Win32
	EndGlobalSection
	GlobalSection(SolutionProperties) = preSolution
		HideSolutionNode = FALSE
	EndGlobalSection
	GlobalSection(ExtensibilityGlobals) = postSolution
		SolutionGuid = {9461A2B1-110C-489A-9517-8B569B9A8D23}
	EndGlobalSection
EndGlobal
